// !$*UTF8*$!
{
	archiveVersion = 1;
	classes = {
	};
	objectVersion = 50;
	objects = {

/* Begin PBXBuildFile section */
		5F3F86682304F48600A16A8A /* AppDelegate.swift in Sources */ = {isa = PBXBuildFile; fileRef = 5F3F86672304F48600A16A8A /* AppDelegate.swift */; };
		5F3F866A2304F48600A16A8A /* ViewController.swift in Sources */ = {isa = PBXBuildFile; fileRef = 5F3F86692304F48600A16A8A /* ViewController.swift */; };
		5F3F866D2304F48600A16A8A /* Main.storyboard in Resources */ = {isa = PBXBuildFile; fileRef = 5F3F866B2304F48600A16A8A /* Main.storyboard */; };
		5F3F866F2304F48800A16A8A /* Assets.xcassets in Resources */ = {isa = PBXBuildFile; fileRef = 5F3F866E2304F48800A16A8A /* Assets.xcassets */; };
		5F3F86722304F48800A16A8A /* LaunchScreen.storyboard in Resources */ = {isa = PBXBuildFile; fileRef = 5F3F86702304F48800A16A8A /* LaunchScreen.storyboard */; };
		5F3F867A2304F63000A16A8A /* SoreppoiAppColor.swift in Sources */ = {isa = PBXBuildFile; fileRef = 5F3F86792304F63000A16A8A /* SoreppoiAppColor.swift */; };
		5F3F867C2304F6C800A16A8A /* SoreppoiAppTabBarController.swift in Sources */ = {isa = PBXBuildFile; fileRef = 5F3F867B2304F6C800A16A8A /* SoreppoiAppTabBarController.swift */; };
		5F3F86862305331600A16A8A /* HomeIcon×2.png in Resources */ = {isa = PBXBuildFile; fileRef = 5F3F86832305331600A16A8A /* HomeIcon×2.png */; };
		5F3F86872305331600A16A8A /* HomeIcon×3.png in Resources */ = {isa = PBXBuildFile; fileRef = 5F3F86842305331600A16A8A /* HomeIcon×3.png */; };
		5F3F86882305331600A16A8A /* HomeIcon×1.png in Resources */ = {isa = PBXBuildFile; fileRef = 5F3F86852305331600A16A8A /* HomeIcon×1.png */; };
		5F3F868C2305341A00A16A8A /* ShopIcon×1.png in Resources */ = {isa = PBXBuildFile; fileRef = 5F3F86892305341A00A16A8A /* ShopIcon×1.png */; };
		5F3F868D2305341A00A16A8A /* ShopIcon×2.png in Resources */ = {isa = PBXBuildFile; fileRef = 5F3F868A2305341A00A16A8A /* ShopIcon×2.png */; };
		5F3F868E2305341A00A16A8A /* ShopIcon×3.png in Resources */ = {isa = PBXBuildFile; fileRef = 5F3F868B2305341A00A16A8A /* ShopIcon×3.png */; };
		5F3F86922305366B00A16A8A /* TrainingIcon×2.png in Resources */ = {isa = PBXBuildFile; fileRef = 5F3F868F2305366B00A16A8A /* TrainingIcon×2.png */; };
		5F3F86932305366B00A16A8A /* TrainingIcon×1.png in Resources */ = {isa = PBXBuildFile; fileRef = 5F3F86902305366B00A16A8A /* TrainingIcon×1.png */; };
		5F3F86942305366B00A16A8A /* TrainingIcon×3.png in Resources */ = {isa = PBXBuildFile; fileRef = 5F3F86912305366B00A16A8A /* TrainingIcon×3.png */; };
		5F3F86982305376E00A16A8A /* BattleIcon×3.png in Resources */ = {isa = PBXBuildFile; fileRef = 5F3F86952305376E00A16A8A /* BattleIcon×3.png */; };
		5F3F86992305376E00A16A8A /* BattleIcon×2.png in Resources */ = {isa = PBXBuildFile; fileRef = 5F3F86962305376E00A16A8A /* BattleIcon×2.png */; };
		5F3F869A2305376E00A16A8A /* BattleIcon×1.png in Resources */ = {isa = PBXBuildFile; fileRef = 5F3F86972305376E00A16A8A /* BattleIcon×1.png */; };
/* End PBXBuildFile section */

/* Begin PBXFileReference section */
		5F3F86642304F48600A16A8A /* TemplateCode0815.app */ = {isa = PBXFileReference; explicitFileType = wrapper.application; includeInIndex = 0; path = TemplateCode0815.app; sourceTree = BUILT_PRODUCTS_DIR; };
		5F3F86672304F48600A16A8A /* AppDelegate.swift */ = {isa = PBXFileReference; lastKnownFileType = sourcecode.swift; path = AppDelegate.swift; sourceTree = "<group>"; };
		5F3F86692304F48600A16A8A /* ViewController.swift */ = {isa = PBXFileReference; lastKnownFileType = sourcecode.swift; path = ViewController.swift; sourceTree = "<group>"; };
		5F3F866C2304F48600A16A8A /* Base */ = {isa = PBXFileReference; lastKnownFileType = file.storyboard; name = Base; path = Base.lproj/Main.storyboard; sourceTree = "<group>"; };
		5F3F866E2304F48800A16A8A /* Assets.xcassets */ = {isa = PBXFileReference; lastKnownFileType = folder.assetcatalog; path = Assets.xcassets; sourceTree = "<group>"; };
		5F3F86712304F48800A16A8A /* Base */ = {isa = PBXFileReference; lastKnownFileType = file.storyboard; name = Base; path = Base.lproj/LaunchScreen.storyboard; sourceTree = "<group>"; };
		5F3F86732304F48800A16A8A /* Info.plist */ = {isa = PBXFileReference; lastKnownFileType = text.plist.xml; path = Info.plist; sourceTree = "<group>"; };
		5F3F86792304F63000A16A8A /* SoreppoiAppColor.swift */ = {isa = PBXFileReference; lastKnownFileType = sourcecode.swift; path = SoreppoiAppColor.swift; sourceTree = "<group>"; };
		5F3F867B2304F6C800A16A8A /* SoreppoiAppTabBarController.swift */ = {isa = PBXFileReference; lastKnownFileType = sourcecode.swift; path = SoreppoiAppTabBarController.swift; sourceTree = "<group>"; };
		5F3F86832305331600A16A8A /* HomeIcon×2.png */ = {isa = PBXFileReference; lastKnownFileType = image.png; name = "HomeIcon×2.png"; path = "../../AIT利用素材/HomeIcon×2.png"; sourceTree = "<group>"; };
		5F3F86842305331600A16A8A /* HomeIcon×3.png */ = {isa = PBXFileReference; lastKnownFileType = image.png; name = "HomeIcon×3.png"; path = "../../AIT利用素材/HomeIcon×3.png"; sourceTree = "<group>"; };
		5F3F86852305331600A16A8A /* HomeIcon×1.png */ = {isa = PBXFileReference; lastKnownFileType = image.png; name = "HomeIcon×1.png"; path = "../../AIT利用素材/HomeIcon×1.png"; sourceTree = "<group>"; };
		5F3F86892305341A00A16A8A /* ShopIcon×1.png */ = {isa = PBXFileReference; lastKnownFileType = image.png; path = "ShopIcon×1.png"; sourceTree = "<group>"; };
		5F3F868A2305341A00A16A8A /* ShopIcon×2.png */ = {isa = PBXFileReference; lastKnownFileType = image.png; path = "ShopIcon×2.png"; sourceTree = "<group>"; };
		5F3F868B2305341A00A16A8A /* ShopIcon×3.png */ = {isa = PBXFileReference; lastKnownFileType = image.png; path = "ShopIcon×3.png"; sourceTree = "<group>"; };
		5F3F868F2305366B00A16A8A /* TrainingIcon×2.png */ = {isa = PBXFileReference; lastKnownFileType = image.png; path = "TrainingIcon×2.png"; sourceTree = "<group>"; };
		5F3F86902305366B00A16A8A /* TrainingIcon×1.png */ = {isa = PBXFileReference; lastKnownFileType = image.png; path = "TrainingIcon×1.png"; sourceTree = "<group>"; };
		5F3F86912305366B00A16A8A /* TrainingIcon×3.png */ = {isa = PBXFileReference; lastKnownFileType = image.png; path = "TrainingIcon×3.png"; sourceTree = "<group>"; };
		5F3F86952305376E00A16A8A /* BattleIcon×3.png */ = {isa = PBXFileReference; lastKnownFileType = image.png; path = "BattleIcon×3.png"; sourceTree = "<group>"; };
		5F3F86962305376E00A16A8A /* BattleIcon×2.png */ = {isa = PBXFileReference; lastKnownFileType = image.png; path = "BattleIcon×2.png"; sourceTree = "<group>"; };
		5F3F86972305376E00A16A8A /* BattleIcon×1.png */ = {isa = PBXFileReference; lastKnownFileType = image.png; path = "BattleIcon×1.png"; sourceTree = "<group>"; };
/* End PBXFileReference section */

/* Begin PBXFrameworksBuildPhase section */
		5F3F86612304F48600A16A8A /* Frameworks */ = {
			isa = PBXFrameworksBuildPhase;
			buildActionMask = 2147483647;
			files = (
			);
			runOnlyForDeploymentPostprocessing = 0;
		};
/* End PBXFrameworksBuildPhase section */

/* Begin PBXGroup section */
		5F3F865B2304F48600A16A8A = {
			isa = PBXGroup;
			children = (
				5F3F86662304F48600A16A8A /* TemplateCode0815 */,
				5F3F86652304F48600A16A8A /* Products */,
			);
			sourceTree = "<group>";
		};
		5F3F86652304F48600A16A8A /* Products */ = {
			isa = PBXGroup;
			children = (
				5F3F86642304F48600A16A8A /* TemplateCode0815.app */,
			);
			name = Products;
			sourceTree = "<group>";
		};
		5F3F86662304F48600A16A8A /* TemplateCode0815 */ = {
			isa = PBXGroup;
			children = (
				5F3F86672304F48600A16A8A /* AppDelegate.swift */,
				5F3F867B2304F6C800A16A8A /* SoreppoiAppTabBarController.swift */,
				5F3F86692304F48600A16A8A /* ViewController.swift */,
				5F3F86792304F63000A16A8A /* SoreppoiAppColor.swift */,
				5F3F866B2304F48600A16A8A /* Main.storyboard */,
				5F3F866E2304F48800A16A8A /* Assets.xcassets */,
				5F3F86852305331600A16A8A /* HomeIcon×1.png */,
				5F3F86832305331600A16A8A /* HomeIcon×2.png */,
				5F3F86842305331600A16A8A /* HomeIcon×3.png */,
				5F3F86892305341A00A16A8A /* ShopIcon×1.png */,
				5F3F868A2305341A00A16A8A /* ShopIcon×2.png */,
				5F3F868B2305341A00A16A8A /* ShopIcon×3.png */,
				5F3F86902305366B00A16A8A /* TrainingIcon×1.png */,
				5F3F868F2305366B00A16A8A /* TrainingIcon×2.png */,
				5F3F86912305366B00A16A8A /* TrainingIcon×3.png */,
				5F3F86972305376E00A16A8A /* BattleIcon×1.png */,
				5F3F86962305376E00A16A8A /* BattleIcon×2.png */,
				5F3F86952305376E00A16A8A /* BattleIcon×3.png */,
				5F3F86702304F48800A16A8A /* LaunchScreen.storyboard */,
				5F3F86732304F48800A16A8A /* Info.plist */,
			);
			path = TemplateCode0815;
			sourceTree = "<group>";
		};
/* End PBXGroup section */

/* Begin PBXNativeTarget section */
		5F3F86632304F48600A16A8A /* TemplateCode0815 */ = {
			isa = PBXNativeTarget;
			buildConfigurationList = 5F3F86762304F48800A16A8A /* Build configuration list for PBXNativeTarget "TemplateCode0815" */;
			buildPhases = (
				5F3F86602304F48600A16A8A /* Sources */,
				5F3F86612304F48600A16A8A /* Frameworks */,
				5F3F86622304F48600A16A8A /* Resources */,
			);
			buildRules = (
			);
			dependencies = (
			);
			name = TemplateCode0815;
			productName = TemplateCode0815;
			productReference = 5F3F86642304F48600A16A8A /* TemplateCode0815.app */;
			productType = "com.apple.product-type.application";
		};
/* End PBXNativeTarget section */

/* Begin PBXProject section */
		5F3F865C2304F48600A16A8A /* Project object */ = {
			isa = PBXProject;
			attributes = {
				LastSwiftUpdateCheck = 1030;
				LastUpgradeCheck = 1030;
				ORGANIZATIONNAME = AIT;
				TargetAttributes = {
					5F3F86632304F48600A16A8A = {
						CreatedOnToolsVersion = 10.3;
					};
				};
			};
			buildConfigurationList = 5F3F865F2304F48600A16A8A /* Build configuration list for PBXProject "TemplateCode0815" */;
			compatibilityVersion = "Xcode 9.3";
			developmentRegion = en;
			hasScannedForEncodings = 0;
			knownRegions = (
				en,
				Base,
			);
			mainGroup = 5F3F865B2304F48600A16A8A;
			productRefGroup = 5F3F86652304F48600A16A8A /* Products */;
			projectDirPath = "";
			projectRoot = "";
			targets = (
				5F3F86632304F48600A16A8A /* TemplateCode0815 */,
			);
		};
/* End PBXProject section */

/* Begin PBXResourcesBuildPhase section */
		5F3F86622304F48600A16A8A /* Resources */ = {
			isa = PBXResourcesBuildPhase;
			buildActionMask = 2147483647;
			files = (
				5F3F86862305331600A16A8A /* HomeIcon×2.png in Resources */,
				5F3F868E2305341A00A16A8A /* ShopIcon×3.png in Resources */,
				5F3F868C2305341A00A16A8A /* ShopIcon×1.png in Resources */,
				5F3F86722304F48800A16A8A /* LaunchScreen.storyboard in Resources */,
				5F3F869A2305376E00A16A8A /* BattleIcon×1.png in Resources */,
				5F3F86872305331600A16A8A /* HomeIcon×3.png in Resources */,
				5F3F866F2304F48800A16A8A /* Assets.xcassets in Resources */,
				5F3F86982305376E00A16A8A /* BattleIcon×3.png in Resources */,
				5F3F86992305376E00A16A8A /* BattleIcon×2.png in Resources */,
				5F3F86932305366B00A16A8A /* TrainingIcon×1.png in Resources */,
				5F3F868D2305341A00A16A8A /* ShopIcon×2.png in Resources */,
				5F3F86942305366B00A16A8A /* TrainingIcon×3.png in Resources */,
				5F3F86922305366B00A16A8A /* TrainingIcon×2.png in Resources */,
				5F3F866D2304F48600A16A8A /* Main.storyboard in Resources */,
				5F3F86882305331600A16A8A /* HomeIcon×1.png in Resources */,
			);
			runOnlyForDeploymentPostprocessing = 0;
		};
/* End PBXResourcesBuildPhase section */

/* Begin PBXSourcesBuildPhase section */
		5F3F86602304F48600A16A8A /* Sources */ = {
			isa = PBXSourcesBuildPhase;
			buildActionMask = 2147483647;
			files = (
				5F3F866A2304F48600A16A8A /* ViewController.swift in Sources */,
				5F3F867A2304F63000A16A8A /* SoreppoiAppColor.swift in Sources */,
				5F3F867C2304F6C800A16A8A /* SoreppoiAppTabBarController.swift in Sources */,
				5F3F86682304F48600A16A8A /* AppDelegate.swift in Sources */,
			);
			runOnlyForDeploymentPostprocessing = 0;
		};
/* End PBXSourcesBuildPhase section */

/* Begin PBXVariantGroup section */
		5F3F866B2304F48600A16A8A /* Main.storyboard */ = {
			isa = PBXVariantGroup;
			children = (
				5F3F866C2304F48600A16A8A /* Base */,
			);
			name = Main.storyboard;
			sourceTree = "<group>";
		};
		5F3F86702304F48800A16A8A /* LaunchScreen.storyboard */ = {
			isa = PBXVariantGroup;
			children = (
				5F3F86712304F48800A16A8A /* Base */,
			);
			name = LaunchScreen.storyboard;
			sourceTree = "<group>";
		};
/* End PBXVariantGroup section */

/* Begin XCBuildConfiguration section */
		5F3F86742304F48800A16A8A /* Debug */ = {
			isa = XCBuildConfiguration;
			buildSettings = {
				ALWAYS_SEARCH_USER_PATHS = NO;
				CLANG_ANALYZER_NONNULL = YES;
				CLANG_ANALYZER_NUMBER_OBJECT_CONVERSION = YES_AGGRESSIVE;
				CLANG_CXX_LANGUAGE_STANDARD = "gnu++14";
				CLANG_CXX_LIBRARY = "libc++";
				CLANG_ENABLE_MODULES = YES;
				CLANG_ENABLE_OBJC_ARC = YES;
				CLANG_ENABLE_OBJC_WEAK = YES;
				CLANG_WARN_BLOCK_CAPTURE_AUTORELEASING = YES;
				CLANG_WARN_BOOL_CONVERSION = YES;
				CLANG_WARN_COMMA = YES;
				CLANG_WARN_CONSTANT_CONVERSION = YES;
				CLANG_WARN_DEPRECATED_OBJC_IMPLEMENTATIONS = YES;
				CLANG_WARN_DIRECT_OBJC_ISA_USAGE = YES_ERROR;
				CLANG_WARN_DOCUMENTATION_COMMENTS = YES;
				CLANG_WARN_EMPTY_BODY = YES;
				CLANG_WARN_ENUM_CONVERSION = YES;
				CLANG_WARN_INFINITE_RECURSION = YES;
				CLANG_WARN_INT_CONVERSION = YES;
				CLANG_WARN_NON_LITERAL_NULL_CONVERSION = YES;
				CLANG_WARN_OBJC_IMPLICIT_RETAIN_SELF = YES;
				CLANG_WARN_OBJC_LITERAL_CONVERSION = YES;
				CLANG_WARN_OBJC_ROOT_CLASS = YES_ERROR;
				CLANG_WARN_RANGE_LOOP_ANALYSIS = YES;
				CLANG_WARN_STRICT_PROTOTYPES = YES;
				CLANG_WARN_SUSPICIOUS_MOVE = YES;
				CLANG_WARN_UNGUARDED_AVAILABILITY = YES_AGGRESSIVE;
				CLANG_WARN_UNREACHABLE_CODE = YES;
				CLANG_WARN__DUPLICATE_METHOD_MATCH = YES;
				CODE_SIGN_IDENTITY = "iPhone Developer";
				COPY_PHASE_STRIP = NO;
				DEBUG_INFORMATION_FORMAT = dwarf;
				ENABLE_STRICT_OBJC_MSGSEND = YES;
				ENABLE_TESTABILITY = YES;
				GCC_C_LANGUAGE_STANDARD = gnu11;
				GCC_DYNAMIC_NO_PIC = NO;
				GCC_NO_COMMON_BLOCKS = YES;
				GCC_OPTIMIZATION_LEVEL = 0;
				GCC_PREPROCESSOR_DEFINITIONS = (
					"DEBUG=1",
					"$(inherited)",
				);
				GCC_WARN_64_TO_32_BIT_CONVERSION = YES;
				GCC_WARN_ABOUT_RETURN_TYPE = YES_ERROR;
				GCC_WARN_UNDECLARED_SELECTOR = YES;
				GCC_WARN_UNINITIALIZED_AUTOS = YES_AGGRESSIVE;
				GCC_WARN_UNUSED_FUNCTION = YES;
				GCC_WARN_UNUSED_VARIABLE = YES;
				IPHONEOS_DEPLOYMENT_TARGET = 12.4;
				MTL_ENABLE_DEBUG_INFO = INCLUDE_SOURCE;
				MTL_FAST_MATH = YES;
				ONLY_ACTIVE_ARCH = YES;
				SDKROOT = iphoneos;
				SWIFT_ACTIVE_COMPILATION_CONDITIONS = DEBUG;
				SWIFT_OPTIMIZATION_LEVEL = "-Onone";
			};
			name = Debug;
		};
		5F3F86752304F48800A16A8A /* Release */ = {
			isa = XCBuildConfiguration;
			buildSettings = {
				ALWAYS_SEARCH_USER_PATHS = NO;
				CLANG_ANALYZER_NONNULL = YES;
				CLANG_ANALYZER_NUMBER_OBJECT_CONVERSION = YES_AGGRESSIVE;
				CLANG_CXX_LANGUAGE_STANDARD = "gnu++14";
				CLANG_CXX_LIBRARY = "libc++";
				CLANG_ENABLE_MODULES = YES;
				CLANG_ENABLE_OBJC_ARC = YES;
				CLANG_ENABLE_OBJC_WEAK = YES;
				CLANG_WARN_BLOCK_CAPTURE_AUTORELEASING = YES;
				CLANG_WARN_BOOL_CONVERSION = YES;
				CLANG_WARN_COMMA = YES;
				CLANG_WARN_CONSTANT_CONVERSION = YES;
				CLANG_WARN_DEPRECATED_OBJC_IMPLEMENTATIONS = YES;
				CLANG_WARN_DIRECT_OBJC_ISA_USAGE = YES_ERROR;
				CLANG_WARN_DOCUMENTATION_COMMENTS = YES;
				CLANG_WARN_EMPTY_BODY = YES;
				CLANG_WARN_ENUM_CONVERSION = YES;
				CLANG_WARN_INFINITE_RECURSION = YES;
				CLANG_WARN_INT_CONVERSION = YES;
				CLANG_WARN_NON_LITERAL_NULL_CONVERSION = YES;
				CLANG_WARN_OBJC_IMPLICIT_RETAIN_SELF = YES;
				CLANG_WARN_OBJC_LITERAL_CONVERSION = YES;
				CLANG_WARN_OBJC_ROOT_CLASS = YES_ERROR;
				CLANG_WARN_RANGE_LOOP_ANALYSIS = YES;
				CLANG_WARN_STRICT_PROTOTYPES = YES;
				CLANG_WARN_SUSPICIOUS_MOVE = YES;
				CLANG_WARN_UNGUARDED_AVAILABILITY = YES_AGGRESSIVE;
				CLANG_WARN_UNREACHABLE_CODE = YES;
				CLANG_WARN__DUPLICATE_METHOD_MATCH = YES;
				CODE_SIGN_IDENTITY = "iPhone Developer";
				COPY_PHASE_STRIP = NO;
				DEBUG_INFORMATION_FORMAT = "dwarf-with-dsym";
				ENABLE_NS_ASSERTIONS = NO;
				ENABLE_STRICT_OBJC_MSGSEND = YES;
				GCC_C_LANGUAGE_STANDARD = gnu11;
				GCC_NO_COMMON_BLOCKS = YES;
				GCC_WARN_64_TO_32_BIT_CONVERSION = YES;
				GCC_WARN_ABOUT_RETURN_TYPE = YES_ERROR;
				GCC_WARN_UNDECLARED_SELECTOR = YES;
				GCC_WARN_UNINITIALIZED_AUTOS = YES_AGGRESSIVE;
				GCC_WARN_UNUSED_FUNCTION = YES;
				GCC_WARN_UNUSED_VARIABLE = YES;
				IPHONEOS_DEPLOYMENT_TARGET = 12.4;
				MTL_ENABLE_DEBUG_INFO = NO;
				MTL_FAST_MATH = YES;
				SDKROOT = iphoneos;
				SWIFT_COMPILATION_MODE = wholemodule;
				SWIFT_OPTIMIZATION_LEVEL = "-O";
				VALIDATE_PRODUCT = YES;
			};
			name = Release;
		};
		5F3F86772304F48800A16A8A /* Debug */ = {
			isa = XCBuildConfiguration;
			buildSettings = {
				ASSETCATALOG_COMPILER_APPICON_NAME = AppIcon;
				CODE_SIGN_STYLE = Automatic;
				DEVELOPMENT_TEAM = 4JNZA8KB6M;
				INFOPLIST_FILE = TemplateCode0815/Info.plist;
				LD_RUNPATH_SEARCH_PATHS = (
					"$(inherited)",
					"@executable_path/Frameworks",
				);
				PRODUCT_BUNDLE_IDENTIFIER = "Adachi-Kenta.TemplateCode0815";
				PRODUCT_NAME = "$(TARGET_NAME)";
				SWIFT_VERSION = 5.0;
				TARGETED_DEVICE_FAMILY = "1,2";
			};
			name = Debug;
		};
		5F3F86782304F48800A16A8A /* Release */ = {
			isa = XCBuildConfiguration;
			buildSettings = {
				ASSETCATALOG_COMPILER_APPICON_NAME = AppIcon;
				CODE_SIGN_STYLE = Automatic;
				DEVELOPMENT_TEAM = 4JNZA8KB6M;
				INFOPLIST_FILE = TemplateCode0815/Info.plist;
				LD_RUNPATH_SEARCH_PATHS = (
					"$(inherited)",
					"@executable_path/Frameworks",
				);
				PRODUCT_BUNDLE_IDENTIFIER = "Adachi-Kenta.TemplateCode0815";
				PRODUCT_NAME = "$(TARGET_NAME)";
				SWIFT_VERSION = 5.0;
				TARGETED_DEVICE_FAMILY = "1,2";
			};
			name = Release;
		};
/* End XCBuildConfiguration section */

/* Begin XCConfigurationList section */
		5F3F865F2304F48600A16A8A /* Build configuration list for PBXProject "TemplateCode0815" */ = {
			isa = XCConfigurationList;
			buildConfigurations = (
				5F3F86742304F48800A16A8A /* Debug */,
				5F3F86752304F48800A16A8A /* Release */,
			);
			defaultConfigurationIsVisible = 0;
			defaultConfigurationName = Release;
		};
		5F3F86762304F48800A16A8A /* Build configuration list for PBXNativeTarget "TemplateCode0815" */ = {
			isa = XCConfigurationList;
			buildConfigurations = (
				5F3F86772304F48800A16A8A /* Debug */,
				5F3F86782304F48800A16A8A /* Release */,
			);
			defaultConfigurationIsVisible = 0;
			defaultConfigurationName = Release;
		};
/* End XCConfigurationList section */
	};
	rootObject = 5F3F865C2304F48600A16A8A /* Project object */;
}
